
Microsoft Visual Studio Solution File, Format Version 12.00
# Visual Studio Version 17
VisualStudioVersion = 17.6.33513.286
MinimumVisualStudioVersion = 10.0.40219.1
Project("{9A19103F-16F7-4668-BE54-9A1E7A4F7556}") = "WpfApp1", "WpfApp1.csproj", "{0390757F-F2D1-4B5B-AC83-091D43508A70}"
EndProject
Global
	GlobalSection(SolutionConfigurationPlatforms) = preSolution
		Debug|Any CPU = Debug|Any CPU
		Release|Any CPU = Release|Any CPU
	EndGlobalSection
	GlobalSection(ProjectConfigurationPlatforms) = postSolution
		{0390757F-F2D1-4B5B-AC83-091D43508A70}.Debug|Any CPU.ActiveCfg = Debug|Any CPU
		{0390757F-F2D1-4B5B-AC83-091D43508A70}.Debug|Any CPU.Build.0 = Debug|Any CPU
		{0390757F-F2D1-4B5B-AC83-091D43508A70}.Release|Any CPU.ActiveCfg = Release|Any CPU
		{0390757F-F2D1-4B5B-AC83-091D43508A70}.Release|Any CPU.Build.0 = Release|Any CPU
	EndGlobalSection
	GlobalSection(SolutionProperties) = preSolution
		HideSolutionNode = FALSE
	EndGlobalSection
	GlobalSection(ExtensibilityGlobals) = postSolution
		SolutionGuid = {E62A4AB5-585B-4F57-A888-304824254C7D}
	EndGlobalSection
EndGlobal
